
Microsoft Visual Studio Solution File, Format Version 12.00
# Visual Studio Version 17
VisualStudioVersion = 17.10.35027.167
MinimumVisualStudioVersion = 10.0.40219.1
Project("{9A19103F-16F7-4668-BE54-9A1E7A4F7556}") = "InventoryManagement", "InventoryManagement.csproj", "{D223F8D8-3D34-40F8-B116-959B6B87E34C}"
EndProject
Global
	GlobalSection(SolutionConfigurationPlatforms) = preSolution
		Debug|Any CPU = Debug|Any CPU
		Release|Any CPU = Release|Any CPU
	EndGlobalSection
	GlobalSection(ProjectConfigurationPlatforms) = postSolution
		{D223F8D8-3D34-40F8-B116-959B6B87E34C}.Debug|Any CPU.ActiveCfg = Debug|Any CPU
		{D223F8D8-3D34-40F8-B116-959B6B87E34C}.Debug|Any CPU.Build.0 = Debug|Any CPU
		{D223F8D8-3D34-40F8-B116-959B6B87E34C}.Debug|Any CPU.Deploy.0 = Debug|Any CPU
		{D223F8D8-3D34-40F8-B116-959B6B87E34C}.Release|Any CPU.ActiveCfg = Release|Any CPU
		{D223F8D8-3D34-40F8-B116-959B6B87E34C}.Release|Any CPU.Build.0 = Release|Any CPU
		{D223F8D8-3D34-40F8-B116-959B6B87E34C}.Release|Any CPU.Deploy.0 = Release|Any CPU
	EndGlobalSection
	GlobalSection(SolutionProperties) = preSolution
		HideSolutionNode = FALSE
	EndGlobalSection
	GlobalSection(ExtensibilityGlobals) = postSolution
		SolutionGuid = {C961402E-3C35-4D99-AC44-644374958FF1}
	EndGlobalSection
EndGlobal
